// !$*UTF8*$!
{
	archiveVersion = 1;
	classes = {
	};
	objectVersion = 46;
	objects = {

/* Begin PBXBuildFile section */
		02A777061E435F520084D4EE /* AppDelegate.swift in Sources */ = {isa = PBXBuildFile; fileRef = 02A777051E435F520084D4EE /* AppDelegate.swift */; };
		02A7770B1E435F520084D4EE /* Main.storyboard in Resources */ = {isa = PBXBuildFile; fileRef = 02A777091E435F520084D4EE /* Main.storyboard */; };
		02A7770D1E435F520084D4EE /* Images.xcassets in Resources */ = {isa = PBXBuildFile; fileRef = 02A7770C1E435F520084D4EE /* Images.xcassets */; };
		02A777101E435F520084D4EE /* LaunchScreen.xib in Resources */ = {isa = PBXBuildFile; fileRef = 02A7770E1E435F520084D4EE /* LaunchScreen.xib */; };
		02A7771C1E435F520084D4EE /* ImageToServerTests.swift in Sources */ = {isa = PBXBuildFile; fileRef = 02A7771B1E435F520084D4EE /* ImageToServerTests.swift */; };
		02E15F8B1E4380AE00001D33 /* ImagePeackView.swift in Sources */ = {isa = PBXBuildFile; fileRef = 02E15F861E4380AE00001D33 /* ImagePeackView.swift */; };
		02E15F8C1E4380AE00001D33 /* ImagePeackViewController.swift in Sources */ = {isa = PBXBuildFile; fileRef = 02E15F871E4380AE00001D33 /* ImagePeackViewController.swift */; };
		02E15F8D1E4380AE00001D33 /* LoadedImagesViewController.swift in Sources */ = {isa = PBXBuildFile; fileRef = 02E15F891E4380AE00001D33 /* LoadedImagesViewController.swift */; };
		02E15F8E1E4380AE00001D33 /* LoadedImageView.swift in Sources */ = {isa = PBXBuildFile; fileRef = 02E15F8A1E4380AE00001D33 /* LoadedImageView.swift */; };
		02F319FE1E446F5900758A11 /* ImageCollectionViewCell.swift in Sources */ = {isa = PBXBuildFile; fileRef = 02F319FC1E446F5900758A11 /* ImageCollectionViewCell.swift */; };
		02F319FF1E446F5900758A11 /* ImageCollectionViewCell.xib in Resources */ = {isa = PBXBuildFile; fileRef = 02F319FD1E446F5900758A11 /* ImageCollectionViewCell.xib */; };
		AC71275F1E449640007A0333 /* Library in Resources */ = {isa = PBXBuildFile; fileRef = AC71275E1E449640007A0333 /* Library */; };
		AC7127611E449A8E007A0333 /* SentImagesCell in Resources */ = {isa = PBXBuildFile; fileRef = AC7127601E449A8E007A0333 /* SentImagesCell */; };
/* End PBXBuildFile section */

/* Begin PBXContainerItemProxy section */
		02A777161E435F520084D4EE /* PBXContainerItemProxy */ = {
			isa = PBXContainerItemProxy;
			containerPortal = 02A776F81E435F520084D4EE /* Project object */;
			proxyType = 1;
			remoteGlobalIDString = 02A776FF1E435F520084D4EE;
			remoteInfo = ImageToServer;
		};
/* End PBXContainerItemProxy section */

/* Begin PBXFileReference section */
		02A777001E435F520084D4EE /* ImageToServer.app */ = {isa = PBXFileReference; explicitFileType = wrapper.application; includeInIndex = 0; path = ImageToServer.app; sourceTree = BUILT_PRODUCTS_DIR; };
		02A777041E435F520084D4EE /* Info.plist */ = {isa = PBXFileReference; lastKnownFileType = text.plist.xml; path = Info.plist; sourceTree = "<group>"; };
		02A777051E435F520084D4EE /* AppDelegate.swift */ = {isa = PBXFileReference; lastKnownFileType = sourcecode.swift; path = AppDelegate.swift; sourceTree = "<group>"; };
		02A7770A1E435F520084D4EE /* Base */ = {isa = PBXFileReference; lastKnownFileType = file.storyboard; name = Base; path = Base.lproj/Main.storyboard; sourceTree = "<group>"; };
		02A7770C1E435F520084D4EE /* Images.xcassets */ = {isa = PBXFileReference; lastKnownFileType = folder.assetcatalog; path = Images.xcassets; sourceTree = "<group>"; };
		02A7770F1E435F520084D4EE /* Base */ = {isa = PBXFileReference; lastKnownFileType = file.xib; name = Base; path = Base.lproj/LaunchScreen.xib; sourceTree = "<group>"; };
		02A777151E435F520084D4EE /* ImageToServerTests.xctest */ = {isa = PBXFileReference; explicitFileType = wrapper.cfbundle; includeInIndex = 0; path = ImageToServerTests.xctest; sourceTree = BUILT_PRODUCTS_DIR; };
		02A7771A1E435F520084D4EE /* Info.plist */ = {isa = PBXFileReference; lastKnownFileType = text.plist.xml; path = Info.plist; sourceTree = "<group>"; };
		02A7771B1E435F520084D4EE /* ImageToServerTests.swift */ = {isa = PBXFileReference; lastKnownFileType = sourcecode.swift; path = ImageToServerTests.swift; sourceTree = "<group>"; };
		02E15F861E4380AE00001D33 /* ImagePeackView.swift */ = {isa = PBXFileReference; fileEncoding = 4; lastKnownFileType = sourcecode.swift; path = ImagePeackView.swift; sourceTree = "<group>"; };
		02E15F871E4380AE00001D33 /* ImagePeackViewController.swift */ = {isa = PBXFileReference; fileEncoding = 4; lastKnownFileType = sourcecode.swift; path = ImagePeackViewController.swift; sourceTree = "<group>"; };
		02E15F891E4380AE00001D33 /* LoadedImagesViewController.swift */ = {isa = PBXFileReference; fileEncoding = 4; lastKnownFileType = sourcecode.swift; path = LoadedImagesViewController.swift; sourceTree = "<group>"; };
		02E15F8A1E4380AE00001D33 /* LoadedImageView.swift */ = {isa = PBXFileReference; fileEncoding = 4; lastKnownFileType = sourcecode.swift; path = LoadedImageView.swift; sourceTree = "<group>"; };
		02F319FC1E446F5900758A11 /* ImageCollectionViewCell.swift */ = {isa = PBXFileReference; fileEncoding = 4; lastKnownFileType = sourcecode.swift; path = ImageCollectionViewCell.swift; sourceTree = "<group>"; };
		02F319FD1E446F5900758A11 /* ImageCollectionViewCell.xib */ = {isa = PBXFileReference; fileEncoding = 4; lastKnownFileType = file.xib; path = ImageCollectionViewCell.xib; sourceTree = "<group>"; };
		AC71275E1E449640007A0333 /* Library */ = {isa = PBXFileReference; lastKnownFileType = folder; path = Library; sourceTree = "<group>"; };
		AC7127601E449A8E007A0333 /* SentImagesCell */ = {isa = PBXFileReference; lastKnownFileType = folder; path = SentImagesCell; sourceTree = "<group>"; };
/* End PBXFileReference section */

/* Begin PBXFrameworksBuildPhase section */
		02A776FD1E435F520084D4EE /* Frameworks */ = {
			isa = PBXFrameworksBuildPhase;
			buildActionMask = 2147483647;
			files = (
			);
			runOnlyForDeploymentPostprocessing = 0;
		};
		02A777121E435F520084D4EE /* Frameworks */ = {
			isa = PBXFrameworksBuildPhase;
			buildActionMask = 2147483647;
			files = (
			);
			runOnlyForDeploymentPostprocessing = 0;
		};
/* End PBXFrameworksBuildPhase section */

/* Begin PBXGroup section */
		02A776F71E435F520084D4EE = {
			isa = PBXGroup;
			children = (
				02A777021E435F520084D4EE /* ImageToServer */,
				02A777181E435F520084D4EE /* ImageToServerTests */,
				02A777011E435F520084D4EE /* Products */,
			);
			sourceTree = "<group>";
		};
		02A777011E435F520084D4EE /* Products */ = {
			isa = PBXGroup;
			children = (
				02A777001E435F520084D4EE /* ImageToServer.app */,
				02A777151E435F520084D4EE /* ImageToServerTests.xctest */,
			);
			name = Products;
			sourceTree = "<group>";
		};
		02A777021E435F520084D4EE /* ImageToServer */ = {
			isa = PBXGroup;
			children = (
				AC71275E1E449640007A0333 /* Library */,
				02A777261E436F960084D4EE /* Resurses */,
				02A777271E436F960084D4EE /* Sources */,
				02A777051E435F520084D4EE /* AppDelegate.swift */,
				02A777091E435F520084D4EE /* Main.storyboard */,
				02A7770C1E435F520084D4EE /* Images.xcassets */,
				02A7770E1E435F520084D4EE /* LaunchScreen.xib */,
				02A777031E435F520084D4EE /* Supporting Files */,
			);
			path = ImageToServer;
			sourceTree = "<group>";
		};
		02A777031E435F520084D4EE /* Supporting Files */ = {
			isa = PBXGroup;
			children = (
				02A777041E435F520084D4EE /* Info.plist */,
			);
			name = "Supporting Files";
			sourceTree = "<group>";
		};
		02A777181E435F520084D4EE /* ImageToServerTests */ = {
			isa = PBXGroup;
			children = (
				02A7771B1E435F520084D4EE /* ImageToServerTests.swift */,
				02A777191E435F520084D4EE /* Supporting Files */,
			);
			path = ImageToServerTests;
			sourceTree = "<group>";
		};
		02A777191E435F520084D4EE /* Supporting Files */ = {
			isa = PBXGroup;
			children = (
				02A7771A1E435F520084D4EE /* Info.plist */,
			);
			name = "Supporting Files";
			sourceTree = "<group>";
		};
		02A777261E436F960084D4EE /* Resurses */ = {
			isa = PBXGroup;
			children = (
			);
			path = Resurses;
			sourceTree = "<group>";
		};
		02A777271E436F960084D4EE /* Sources */ = {
			isa = PBXGroup;
			children = (
				02E15F841E4380AE00001D33 /* UI */,
				02A777281E436F960084D4EE /* Models */,
			);
			path = Sources;
			sourceTree = "<group>";
		};
		02A777281E436F960084D4EE /* Models */ = {
			isa = PBXGroup;
			children = (
			);
			path = Models;
			sourceTree = "<group>";
		};
		02E15F841E4380AE00001D33 /* UI */ = {
			isa = PBXGroup;
			children = (
				02E15F851E4380AE00001D33 /* ImagePeackViewController */,
				02E15F881E4380AE00001D33 /* LoadedImagesViewController */,
			);
			path = UI;
			sourceTree = "<group>";
		};
		02E15F851E4380AE00001D33 /* ImagePeackViewController */ = {
			isa = PBXGroup;
			children = (
				02E15F871E4380AE00001D33 /* ImagePeackViewController.swift */,
				02E15F861E4380AE00001D33 /* ImagePeackView.swift */,
				02F319FB1E446F2D00758A11 /* ImageCollectionViewCell */,
			);
			path = ImagePeackViewController;
			sourceTree = "<group>";
		};
		02E15F881E4380AE00001D33 /* LoadedImagesViewController */ = {
			isa = PBXGroup;
			children = (
				02E15F891E4380AE00001D33 /* LoadedImagesViewController.swift */,
				02E15F8A1E4380AE00001D33 /* LoadedImageView.swift */,
				AC7127601E449A8E007A0333 /* SentImagesCell */,
			);
			path = LoadedImagesViewController;
			sourceTree = "<group>";
		};
		02F319FB1E446F2D00758A11 /* ImageCollectionViewCell */ = {
			isa = PBXGroup;
			children = (
				02F319FC1E446F5900758A11 /* ImageCollectionViewCell.swift */,
				02F319FD1E446F5900758A11 /* ImageCollectionViewCell.xib */,
			);
			path = ImageCollectionViewCell;
			sourceTree = "<group>";
		};
/* End PBXGroup section */

/* Begin PBXNativeTarget section */
		02A776FF1E435F520084D4EE /* ImageToServer */ = {
			isa = PBXNativeTarget;
			buildConfigurationList = 02A7771F1E435F520084D4EE /* Build configuration list for PBXNativeTarget "ImageToServer" */;
			buildPhases = (
				02A776FC1E435F520084D4EE /* Sources */,
				02A776FD1E435F520084D4EE /* Frameworks */,
				02A776FE1E435F520084D4EE /* Resources */,
			);
			buildRules = (
			);
			dependencies = (
			);
			name = ImageToServer;
			productName = ImageToServer;
			productReference = 02A777001E435F520084D4EE /* ImageToServer.app */;
			productType = "com.apple.product-type.application";
		};
		02A777141E435F520084D4EE /* ImageToServerTests */ = {
			isa = PBXNativeTarget;
			buildConfigurationList = 02A777221E435F520084D4EE /* Build configuration list for PBXNativeTarget "ImageToServerTests" */;
			buildPhases = (
				02A777111E435F520084D4EE /* Sources */,
				02A777121E435F520084D4EE /* Frameworks */,
				02A777131E435F520084D4EE /* Resources */,
			);
			buildRules = (
			);
			dependencies = (
				02A777171E435F520084D4EE /* PBXTargetDependency */,
			);
			name = ImageToServerTests;
			productName = ImageToServerTests;
			productReference = 02A777151E435F520084D4EE /* ImageToServerTests.xctest */;
			productType = "com.apple.product-type.bundle.unit-test";
		};
/* End PBXNativeTarget section */

/* Begin PBXProject section */
		02A776F81E435F520084D4EE /* Project object */ = {
			isa = PBXProject;
			attributes = {
				LastUpgradeCheck = 0610;
				ORGANIZATIONNAME = "Pavel Bondar";
				TargetAttributes = {
					02A776FF1E435F520084D4EE = {
						CreatedOnToolsVersion = 6.1.1;
						LastSwiftMigration = 0800;
					};
					02A777141E435F520084D4EE = {
						CreatedOnToolsVersion = 6.1.1;
						LastSwiftMigration = 0800;
						TestTargetID = 02A776FF1E435F520084D4EE;
					};
				};
			};
			buildConfigurationList = 02A776FB1E435F520084D4EE /* Build configuration list for PBXProject "ImageToServer" */;
			compatibilityVersion = "Xcode 3.2";
			developmentRegion = English;
			hasScannedForEncodings = 0;
			knownRegions = (
				en,
				Base,
			);
			mainGroup = 02A776F71E435F520084D4EE;
			productRefGroup = 02A777011E435F520084D4EE /* Products */;
			projectDirPath = "";
			projectRoot = "";
			targets = (
				02A776FF1E435F520084D4EE /* ImageToServer */,
				02A777141E435F520084D4EE /* ImageToServerTests */,
			);
		};
/* End PBXProject section */

/* Begin PBXResourcesBuildPhase section */
		02A776FE1E435F520084D4EE /* Resources */ = {
			isa = PBXResourcesBuildPhase;
			buildActionMask = 2147483647;
			files = (
				02A7770B1E435F520084D4EE /* Main.storyboard in Resources */,
				02A777101E435F520084D4EE /* LaunchScreen.xib in Resources */,
				02F319FF1E446F5900758A11 /* ImageCollectionViewCell.xib in Resources */,
				02A7770D1E435F520084D4EE /* Images.xcassets in Resources */,
				AC7127611E449A8E007A0333 /* SentImagesCell in Resources */,
				AC71275F1E449640007A0333 /* Library in Resources */,
			);
			runOnlyForDeploymentPostprocessing = 0;
		};
		02A777131E435F520084D4EE /* Resources */ = {
			isa = PBXResourcesBuildPhase;
			buildActionMask = 2147483647;
			files = (
			);
			runOnlyForDeploymentPostprocessing = 0;
		};
/* End PBXResourcesBuildPhase section */

/* Begin PBXSourcesBuildPhase section */
		02A776FC1E435F520084D4EE /* Sources */ = {
			isa = PBXSourcesBuildPhase;
			buildActionMask = 2147483647;
			files = (
				02F319FE1E446F5900758A11 /* ImageCollectionViewCell.swift in Sources */,
				02A777061E435F520084D4EE /* AppDelegate.swift in Sources */,
				02E15F8C1E4380AE00001D33 /* ImagePeackViewController.swift in Sources */,
				02E15F8E1E4380AE00001D33 /* LoadedImageView.swift in Sources */,
				02E15F8D1E4380AE00001D33 /* LoadedImagesViewController.swift in Sources */,
				02E15F8B1E4380AE00001D33 /* ImagePeackView.swift in Sources */,
			);
			runOnlyForDeploymentPostprocessing = 0;
		};
		02A777111E435F520084D4EE /* Sources */ = {
			isa = PBXSourcesBuildPhase;
			buildActionMask = 2147483647;
			files = (
				02A7771C1E435F520084D4EE /* ImageToServerTests.swift in Sources */,
			);
			runOnlyForDeploymentPostprocessing = 0;
		};
/* End PBXSourcesBuildPhase section */

/* Begin PBXTargetDependency section */
		02A777171E435F520084D4EE /* PBXTargetDependency */ = {
			isa = PBXTargetDependency;
			target = 02A776FF1E435F520084D4EE /* ImageToServer */;
			targetProxy = 02A777161E435F520084D4EE /* PBXContainerItemProxy */;
		};
/* End PBXTargetDependency section */

/* Begin PBXVariantGroup section */
		02A777091E435F520084D4EE /* Main.storyboard */ = {
			isa = PBXVariantGroup;
			children = (
				02A7770A1E435F520084D4EE /* Base */,
			);
			name = Main.storyboard;
			sourceTree = "<group>";
		};
		02A7770E1E435F520084D4EE /* LaunchScreen.xib */ = {
			isa = PBXVariantGroup;
			children = (
				02A7770F1E435F520084D4EE /* Base */,
			);
			name = LaunchScreen.xib;
			sourceTree = "<group>";
		};
/* End PBXVariantGroup section */

/* Begin XCBuildConfiguration section */
		02A7771D1E435F520084D4EE /* Debug */ = {
			isa = XCBuildConfiguration;
			buildSettings = {
				ALWAYS_SEARCH_USER_PATHS = NO;
				CLANG_CXX_LANGUAGE_STANDARD = "gnu++0x";
				CLANG_CXX_LIBRARY = "libc++";
				CLANG_ENABLE_MODULES = YES;
				CLANG_ENABLE_OBJC_ARC = YES;
				CLANG_WARN_BOOL_CONVERSION = YES;
				CLANG_WARN_CONSTANT_CONVERSION = YES;
				CLANG_WARN_DIRECT_OBJC_ISA_USAGE = YES_ERROR;
				CLANG_WARN_EMPTY_BODY = YES;
				CLANG_WARN_ENUM_CONVERSION = YES;
				CLANG_WARN_INT_CONVERSION = YES;
				CLANG_WARN_OBJC_ROOT_CLASS = YES_ERROR;
				CLANG_WARN_UNREACHABLE_CODE = YES;
				CLANG_WARN__DUPLICATE_METHOD_MATCH = YES;
				"CODE_SIGN_IDENTITY[sdk=iphoneos*]" = "iPhone Developer";
				COPY_PHASE_STRIP = NO;
				ENABLE_STRICT_OBJC_MSGSEND = YES;
				GCC_C_LANGUAGE_STANDARD = gnu99;
				GCC_DYNAMIC_NO_PIC = NO;
				GCC_OPTIMIZATION_LEVEL = 0;
				GCC_PREPROCESSOR_DEFINITIONS = (
					"DEBUG=1",
					"$(inherited)",
				);
				GCC_SYMBOLS_PRIVATE_EXTERN = NO;
				GCC_WARN_64_TO_32_BIT_CONVERSION = YES;
				GCC_WARN_ABOUT_RETURN_TYPE = YES_ERROR;
				GCC_WARN_UNDECLARED_SELECTOR = YES;
				GCC_WARN_UNINITIALIZED_AUTOS = YES_AGGRESSIVE;
				GCC_WARN_UNUSED_FUNCTION = YES;
				GCC_WARN_UNUSED_VARIABLE = YES;
				IPHONEOS_DEPLOYMENT_TARGET = 8.1;
				MTL_ENABLE_DEBUG_INFO = YES;
				ONLY_ACTIVE_ARCH = YES;
				SDKROOT = iphoneos;
				SWIFT_OPTIMIZATION_LEVEL = "-Onone";
				TARGETED_DEVICE_FAMILY = "1,2";
			};
			name = Debug;
		};
		02A7771E1E435F520084D4EE /* Release */ = {
			isa = XCBuildConfiguration;
			buildSettings = {
				ALWAYS_SEARCH_USER_PATHS = NO;
				CLANG_CXX_LANGUAGE_STANDARD = "gnu++0x";
				CLANG_CXX_LIBRARY = "libc++";
				CLANG_ENABLE_MODULES = YES;
				CLANG_ENABLE_OBJC_ARC = YES;
				CLANG_WARN_BOOL_CONVERSION = YES;
				CLANG_WARN_CONSTANT_CONVERSION = YES;
				CLANG_WARN_DIRECT_OBJC_ISA_USAGE = YES_ERROR;
				CLANG_WARN_EMPTY_BODY = YES;
				CLANG_WARN_ENUM_CONVERSION = YES;
				CLANG_WARN_INT_CONVERSION = YES;
				CLANG_WARN_OBJC_ROOT_CLASS = YES_ERROR;
				CLANG_WARN_UNREACHABLE_CODE = YES;
				CLANG_WARN__DUPLICATE_METHOD_MATCH = YES;
				"CODE_SIGN_IDENTITY[sdk=iphoneos*]" = "iPhone Developer";
				COPY_PHASE_STRIP = YES;
				ENABLE_NS_ASSERTIONS = NO;
				ENABLE_STRICT_OBJC_MSGSEND = YES;
				GCC_C_LANGUAGE_STANDARD = gnu99;
				GCC_WARN_64_TO_32_BIT_CONVERSION = YES;
				GCC_WARN_ABOUT_RETURN_TYPE = YES_ERROR;
				GCC_WARN_UNDECLARED_SELECTOR = YES;
				GCC_WARN_UNINITIALIZED_AUTOS = YES_AGGRESSIVE;
				GCC_WARN_UNUSED_FUNCTION = YES;
				GCC_WARN_UNUSED_VARIABLE = YES;
				IPHONEOS_DEPLOYMENT_TARGET = 8.1;
				MTL_ENABLE_DEBUG_INFO = NO;
				SDKROOT = iphoneos;
				TARGETED_DEVICE_FAMILY = "1,2";
				VALIDATE_PRODUCT = YES;
			};
			name = Release;
		};
		02A777201E435F520084D4EE /* Debug */ = {
			isa = XCBuildConfiguration;
			buildSettings = {
				ASSETCATALOG_COMPILER_APPICON_NAME = AppIcon;
				INFOPLIST_FILE = ImageToServer/Info.plist;
				LD_RUNPATH_SEARCH_PATHS = "$(inherited) @executable_path/Frameworks";
				PRODUCT_NAME = "$(TARGET_NAME)";
				SWIFT_VERSION = 3.0;
			};
			name = Debug;
		};
		02A777211E435F520084D4EE /* Release */ = {
			isa = XCBuildConfiguration;
			buildSettings = {
				ASSETCATALOG_COMPILER_APPICON_NAME = AppIcon;
				INFOPLIST_FILE = ImageToServer/Info.plist;
				LD_RUNPATH_SEARCH_PATHS = "$(inherited) @executable_path/Frameworks";
				PRODUCT_NAME = "$(TARGET_NAME)";
				SWIFT_VERSION = 3.0;
			};
			name = Release;
		};
		02A777231E435F520084D4EE /* Debug */ = {
			isa = XCBuildConfiguration;
			buildSettings = {
				BUNDLE_LOADER = "$(TEST_HOST)";
				FRAMEWORK_SEARCH_PATHS = (
					"$(SDKROOT)/Developer/Library/Frameworks",
					"$(inherited)",
				);
				GCC_PREPROCESSOR_DEFINITIONS = (
					"DEBUG=1",
					"$(inherited)",
				);
				INFOPLIST_FILE = ImageToServerTests/Info.plist;
				LD_RUNPATH_SEARCH_PATHS = "$(inherited) @executable_path/Frameworks @loader_path/Frameworks";
				PRODUCT_NAME = "$(TARGET_NAME)";
				SWIFT_VERSION = 3.0;
				TEST_HOST = "$(BUILT_PRODUCTS_DIR)/ImageToServer.app/ImageToServer";
			};
			name = Debug;
		};
		02A777241E435F520084D4EE /* Release */ = {
			isa = XCBuildConfiguration;
			buildSettings = {
				BUNDLE_LOADER = "$(TEST_HOST)";
				FRAMEWORK_SEARCH_PATHS = (
					"$(SDKROOT)/Developer/Library/Frameworks",
					"$(inherited)",
				);
				INFOPLIST_FILE = ImageToServerTests/Info.plist;
				LD_RUNPATH_SEARCH_PATHS = "$(inherited) @executable_path/Frameworks @loader_path/Frameworks";
				PRODUCT_NAME = "$(TARGET_NAME)";
				SWIFT_VERSION = 3.0;
				TEST_HOST = "$(BUILT_PRODUCTS_DIR)/ImageToServer.app/ImageToServer";
			};
			name = Release;
		};
/* End XCBuildConfiguration section */

/* Begin XCConfigurationList section */
		02A776FB1E435F520084D4EE /* Build configuration list for PBXProject "ImageToServer" */ = {
			isa = XCConfigurationList;
			buildConfigurations = (
				02A7771D1E435F520084D4EE /* Debug */,
				02A7771E1E435F520084D4EE /* Release */,
			);
			defaultConfigurationIsVisible = 0;
			defaultConfigurationName = Release;
		};
		02A7771F1E435F520084D4EE /* Build configuration list for PBXNativeTarget "ImageToServer" */ = {
			isa = XCConfigurationList;
			buildConfigurations = (
				02A777201E435F520084D4EE /* Debug */,
				02A777211E435F520084D4EE /* Release */,
			);
			defaultConfigurationIsVisible = 0;
			defaultConfigurationName = Release;
		};
		02A777221E435F520084D4EE /* Build configuration list for PBXNativeTarget "ImageToServerTests" */ = {
			isa = XCConfigurationList;
			buildConfigurations = (
				02A777231E435F520084D4EE /* Debug */,
				02A777241E435F520084D4EE /* Release */,
			);
			defaultConfigurationIsVisible = 0;
			defaultConfigurationName = Release;
		};
/* End XCConfigurationList section */
	};
	rootObject = 02A776F81E435F520084D4EE /* Project object */;
}
